
Microsoft Visual Studio Solution File, Format Version 12.00
# Visual Studio Version 16
VisualStudioVersion = 16.0.30011.22
MinimumVisualStudioVersion = 10.0.40219.1
Project("{FAE04EC0-301F-11D3-BF4B-00C04F79EFBC}") = "WPSPlug-In", "WPSPlug-In\WPSPlug-In.csproj", "{8241E8BB-1C58-4B26-8451-42E0D819BD2F}"
EndProject
Project("{FAE04EC0-301F-11D3-BF4B-00C04F79EFBC}") = "WPPPlug-In", "WPPPlug-In\WPPPlug-In.csproj", "{210462DA-26C2-4050-98FC-84B6B775F3B3}"
EndProject
Project("{FAE04EC0-301F-11D3-BF4B-00C04F79EFBC}") = "ETPlug-In", "ETPlug-In\ETPlug-In.csproj", "{A5E5341F-6434-4A37-B95E-EB95A635E087}"
EndProject
Project("{FAE04EC0-301F-11D3-BF4B-00C04F79EFBC}") = "WpsofficePlug-In", "WpsofficePlug-In\WpsofficePlug-In.csproj", "{D40F5691-2A56-42AB-911D-8CC63D7B8F5F}"
EndProject
Project("{2150E333-8FDC-42A3-9474-1A3956D46DE8}") = "Solution Items", "Solution Items", "{F4932533-92D5-46DD-9C20-F0EB060DAB80}"
	ProjectSection(SolutionItems) = preProject
		.editorconfig = .editorconfig
	EndProjectSection
EndProject
Global
	GlobalSection(SolutionConfigurationPlatforms) = preSolution
		Debug|Any CPU = Debug|Any CPU
		Release|Any CPU = Release|Any CPU
	EndGlobalSection
	GlobalSection(ProjectConfigurationPlatforms) = postSolution
		{8241E8BB-1C58-4B26-8451-42E0D819BD2F}.Debug|Any CPU.ActiveCfg = Debug|Any CPU
		{8241E8BB-1C58-4B26-8451-42E0D819BD2F}.Debug|Any CPU.Build.0 = Debug|Any CPU
		{8241E8BB-1C58-4B26-8451-42E0D819BD2F}.Release|Any CPU.ActiveCfg = Release|Any CPU
		{8241E8BB-1C58-4B26-8451-42E0D819BD2F}.Release|Any CPU.Build.0 = Release|Any CPU
		{210462DA-26C2-4050-98FC-84B6B775F3B3}.Debug|Any CPU.ActiveCfg = Debug|Any CPU
		{210462DA-26C2-4050-98FC-84B6B775F3B3}.Debug|Any CPU.Build.0 = Debug|Any CPU
		{210462DA-26C2-4050-98FC-84B6B775F3B3}.Release|Any CPU.ActiveCfg = Release|Any CPU
		{210462DA-26C2-4050-98FC-84B6B775F3B3}.Release|Any CPU.Build.0 = Release|Any CPU
		{A5E5341F-6434-4A37-B95E-EB95A635E087}.Debug|Any CPU.ActiveCfg = Debug|Any CPU
		{A5E5341F-6434-4A37-B95E-EB95A635E087}.Debug|Any CPU.Build.0 = Debug|Any CPU
		{A5E5341F-6434-4A37-B95E-EB95A635E087}.Release|Any CPU.ActiveCfg = Release|Any CPU
		{A5E5341F-6434-4A37-B95E-EB95A635E087}.Release|Any CPU.Build.0 = Release|Any CPU
		{D40F5691-2A56-42AB-911D-8CC63D7B8F5F}.Debug|Any CPU.ActiveCfg = Debug|Any CPU
		{D40F5691-2A56-42AB-911D-8CC63D7B8F5F}.Debug|Any CPU.Build.0 = Debug|Any CPU
		{D40F5691-2A56-42AB-911D-8CC63D7B8F5F}.Release|Any CPU.ActiveCfg = Release|Any CPU
		{D40F5691-2A56-42AB-911D-8CC63D7B8F5F}.Release|Any CPU.Build.0 = Release|Any CPU
	EndGlobalSection
	GlobalSection(SolutionProperties) = preSolution
		HideSolutionNode = FALSE
	EndGlobalSection
	GlobalSection(ExtensibilityGlobals) = postSolution
		SolutionGuid = {EE3FD2BB-7EE3-4DE5-A7DD-3E7E370ED96B}
	EndGlobalSection
EndGlobal
